{
  "name": "file-explorer-frontend",
  "version": "0.1.0",
  "lockfileVersion": 3,
  "requires": true,
  "packages": {
    "": {
      "name": "file-explorer-frontend",
      "version": "0.1.0",
      "dependencies": {
        "axios": "^1.9.0",
        "pinia": "^2.1.6",
        "vue": "^3.3.4",
        "vue-router": "^4.2.4"
      },
      "devDependencies": {
        "@vitejs/plugin-vue": "^4.3.4",
        "@vue/eslint-config-prettier": "^8.0.0",
        "eslint": "^8.49.0",
        "eslint-plugin-vue": "^9.17.0",
        "prettier": "^3.0.0",
        "rimraf": "^5.0.5",
        "sass": "^1.67.0",
        "vite": "^4.4.9"
      }
    },
    "../node_modules/.pnpm/@vitejs+plugin-vue@4.6.2_vite@4.5.13_vue@3.5.13/node_modules/@vitejs/plugin-vue": {
      "version": "4.6.2",
      "dev": true,
      "license": "MIT",
      "devDependencies": {
        "@jridgewell/gen-mapping": "^0.3.3",
        "@jridgewell/trace-mapping": "^0.3.20",
        "debug": "^4.3.4",
        "rollup": "^3.29.4",
        "slash": "^5.1.0",
        "source-map-js": "^1.0.2",
        "vite": "^4.5.0",
        "vue": "^3.3.8"
      },
      "engines": {
        "node": "^14.18.0 || >=16.0.0"
      },
      "peerDependencies": {
        "vite": "^4.0.0 || ^5.0.0",
        "vue": "^3.2.25"
      }
    },
    "../node_modules/.pnpm/axios@1.9.0/node_modules/axios": {
      "version": "1.9.0",
      "license": "MIT",
      "dependencies": {
        "follow-redirects": "^1.15.6",
        "form-data": "^4.0.0",
        "proxy-from-env": "^1.1.0"
      },
      "devDependencies": {
        "@babel/core": "^7.23.9",
        "@babel/preset-env": "^7.23.9",
        "@commitlint/cli": "^17.8.1",
        "@commitlint/config-conventional": "^17.8.1",
        "@release-it/conventional-changelog": "^5.1.1",
        "@rollup/plugin-alias": "^5.1.0",
        "@rollup/plugin-babel": "^5.3.1",
        "@rollup/plugin-commonjs": "^15.1.0",
        "@rollup/plugin-json": "^4.1.0",
        "@rollup/plugin-multi-entry": "^4.1.0",
        "@rollup/plugin-node-resolve": "^9.0.0",
        "abortcontroller-polyfill": "^1.7.5",
        "auto-changelog": "^2.4.0",
        "body-parser": "^1.20.2",
        "chalk": "^5.3.0",
        "coveralls": "^3.1.1",
        "cross-env": "^7.0.3",
        "dev-null": "^0.1.1",
        "dtslint": "^4.2.1",
        "es6-promise": "^4.2.8",
        "eslint": "^8.56.0",
        "express": "^4.18.2",
        "formdata-node": "^5.0.1",
        "formidable": "^2.1.2",
        "fs-extra": "^10.1.0",
        "get-stream": "^3.0.0",
        "gulp": "^4.0.2",
        "gzip-size": "^7.0.0",
        "handlebars": "^4.7.8",
        "husky": "^8.0.3",
        "istanbul-instrumenter-loader": "^3.0.1",
        "jasmine-core": "^2.99.1",
        "karma": "^6.3.17",
        "karma-chrome-launcher": "^3.2.0",
        "karma-firefox-launcher": "^2.1.2",
        "karma-jasmine": "^1.1.2",
        "karma-jasmine-ajax": "^0.1.13",
        "karma-rollup-preprocessor": "^7.0.8",
        "karma-safari-launcher": "^1.0.0",
        "karma-sauce-launcher": "^4.3.6",
        "karma-sinon": "^1.0.5",
        "karma-sourcemap-loader": "^0.3.8",
        "memoizee": "^0.4.15",
        "minimist": "^1.2.8",
        "mocha": "^10.3.0",
        "multer": "^1.4.4",
        "pretty-bytes": "^6.1.1",
        "release-it": "^15.11.0",
        "rollup": "^2.79.1",
        "rollup-plugin-auto-external": "^2.0.0",
        "rollup-plugin-bundle-size": "^1.0.3",
        "rollup-plugin-terser": "^7.0.2",
        "sinon": "^4.5.0",
        "stream-throttle": "^0.1.3",
        "string-replace-async": "^3.0.2",
        "terser-webpack-plugin": "^4.2.3",
        "typescript": "^4.9.5"
      }
    },
    "../node_modules/.pnpm/eslint-plugin-vue@9.33.0_eslint@8.57.1/node_modules/eslint-plugin-vue": {
      "version": "9.33.0",
      "dev": true,
      "license": "MIT",
      "dependencies": {
        "@eslint-community/eslint-utils": "^4.4.0",
        "globals": "^13.24.0",
        "natural-compare": "^1.4.0",
        "nth-check": "^2.1.1",
        "postcss-selector-parser": "^6.0.15",
        "semver": "^7.6.3",
        "vue-eslint-parser": "^9.4.3",
        "xml-name-validator": "^4.0.0"
      },
      "devDependencies": {
        "@ota-meshi/site-kit-eslint-editor-vue": "^0.2.4",
        "@stylistic/eslint-plugin": "^2.12.1",
        "@types/eslint": "^8.56.2",
        "@types/eslint-visitor-keys": "^3.3.2",
        "@types/natural-compare": "^1.4.3",
        "@types/node": "^14.18.63",
        "@types/semver": "^7.5.8",
        "@types/xml-name-validator": "^4.0.3",
        "@typescript-eslint/parser": "^7.18.0",
        "@typescript-eslint/types": "^7.18.0",
        "assert": "^2.1.0",
        "env-cmd": "^10.1.0",
        "esbuild": "^0.24.0",
        "eslint": "^8.57.0",
        "eslint-config-prettier": "^9.1.0",
        "eslint-plugin-eslint-plugin": "~6.4.0",
        "eslint-plugin-import": "^2.31.0",
        "eslint-plugin-jsonc": "^2.16.0",
        "eslint-plugin-node-dependencies": "^0.12.0",
        "eslint-plugin-prettier": "^5.2.1",
        "eslint-plugin-unicorn": "^56.0.0",
        "eslint-plugin-vue": "file:.",
        "espree": "^9.6.1",
        "events": "^3.3.0",
        "markdownlint-cli": "^0.42.0",
        "mocha": "^10.7.3",
        "nyc": "^17.1.0",
        "pathe": "^1.1.2",
        "prettier": "^3.3.3",
        "typescript": "^5.7.2",
        "vitepress": "^1.4.1"
      },
      "engines": {
        "node": "^14.17.0 || >=16.0.0"
      },
      "peerDependencies": {
        "eslint": "^6.2.0 || ^7.0.0 || ^8.0.0 || ^9.0.0"
      }
    },
    "../node_modules/.pnpm/eslint@8.57.1/node_modules/eslint": {
      "version": "8.57.1",
      "dev": true,
      "license": "MIT",
      "dependencies": {
        "@eslint-community/eslint-utils": "^4.2.0",
        "@eslint-community/regexpp": "^4.6.1",
        "@eslint/eslintrc": "^2.1.4",
        "@eslint/js": "8.57.1",
        "@humanwhocodes/config-array": "^0.13.0",
        "@humanwhocodes/module-importer": "^1.0.1",
        "@nodelib/fs.walk": "^1.2.8",
        "@ungap/structured-clone": "^1.2.0",
        "ajv": "^6.12.4",
        "chalk": "^4.0.0",
        "cross-spawn": "^7.0.2",
        "debug": "^4.3.2",
        "doctrine": "^3.0.0",
        "escape-string-regexp": "^4.0.0",
        "eslint-scope": "^7.2.2",
        "eslint-visitor-keys": "^3.4.3",
        "espree": "^9.6.1",
        "esquery": "^1.4.2",
        "esutils": "^2.0.2",
        "fast-deep-equal": "^3.1.3",
        "file-entry-cache": "^6.0.1",
        "find-up": "^5.0.0",
        "glob-parent": "^6.0.2",
        "globals": "^13.19.0",
        "graphemer": "^1.4.0",
        "ignore": "^5.2.0",
        "imurmurhash": "^0.1.4",
        "is-glob": "^4.0.0",
        "is-path-inside": "^3.0.3",
        "js-yaml": "^4.1.0",
        "json-stable-stringify-without-jsonify": "^1.0.1",
        "levn": "^0.4.1",
        "lodash.merge": "^4.6.2",
        "minimatch": "^3.1.2",
        "natural-compare": "^1.4.0",
        "optionator": "^0.9.3",
        "strip-ansi": "^6.0.1",
        "text-table": "^0.2.0"
      },
      "bin": {
        "eslint": "bin/eslint.js"
      },
      "devDependencies": {
        "@babel/core": "^7.4.3",
        "@babel/preset-env": "^7.4.3",
        "@sinonjs/fake-timers": "11.2.2",
        "@wdio/browser-runner": "^8.14.6",
        "@wdio/cli": "^8.14.6",
        "@wdio/concise-reporter": "^8.14.0",
        "@wdio/globals": "^8.14.6",
        "@wdio/mocha-framework": "^8.14.0",
        "babel-loader": "^8.0.5",
        "c8": "^7.12.0",
        "chai": "^4.0.1",
        "cheerio": "^0.22.0",
        "common-tags": "^1.8.0",
        "core-js": "^3.1.3",
        "ejs": "^3.0.2",
        "eslint": "file:.",
        "eslint-config-eslint": "file:packages/eslint-config-eslint",
        "eslint-plugin-eslint-comments": "^3.2.0",
        "eslint-plugin-eslint-plugin": "^5.2.1",
        "eslint-plugin-internal-rules": "file:tools/internal-rules",
        "eslint-plugin-jsdoc": "^46.2.5",
        "eslint-plugin-n": "^16.6.0",
        "eslint-plugin-unicorn": "^49.0.0",
        "eslint-release": "^3.3.0",
        "eslump": "^3.0.0",
        "esprima": "^4.0.1",
        "fast-glob": "^3.2.11",
        "fs-teardown": "^0.1.3",
        "glob": "^7.1.6",
        "got": "^11.8.3",
        "gray-matter": "^4.0.3",
        "lint-staged": "^11.0.0",
        "load-perf": "^0.2.0",
        "markdown-it": "^12.2.0",
        "markdown-it-container": "^3.0.0",
        "markdownlint": "^0.32.0",
        "markdownlint-cli": "^0.37.0",
        "marked": "^4.0.8",
        "memfs": "^3.0.1",
        "metascraper": "^5.25.7",
        "metascraper-description": "^5.25.7",
        "metascraper-image": "^5.29.3",
        "metascraper-logo": "^5.25.7",
        "metascraper-logo-favicon": "^5.25.7",
        "metascraper-title": "^5.25.7",
        "mocha": "^8.3.2",
        "mocha-junit-reporter": "^2.0.0",
        "node-polyfill-webpack-plugin": "^1.0.3",
        "npm-license": "^0.3.3",
        "pirates": "^4.0.5",
        "progress": "^2.0.3",
        "proxyquire": "^2.0.1",
        "recast": "^0.23.0",
        "regenerator-runtime": "^0.14.0",
        "rollup-plugin-node-polyfills": "^0.2.1",
        "semver": "^7.5.3",
        "shelljs": "^0.8.2",
        "sinon": "^11.0.0",
        "vite-plugin-commonjs": "0.10.1",
        "webdriverio": "^8.14.6",
        "webpack": "^5.23.0",
        "webpack-cli": "^4.5.0",
        "yorkie": "^2.0.0"
      },
      "engines": {
        "node": "^12.22.0 || ^14.17.0 || >=16.0.0"
      },
      "funding": {
        "url": "https://opencollective.com/eslint"
      }
    },
    "../node_modules/.pnpm/pinia@2.3.1_vue@3.5.13/node_modules/pinia": {
      "version": "2.3.1",
      "license": "MIT",
      "dependencies": {
        "@vue/devtools-api": "^6.6.3",
        "vue-demi": "^0.14.10"
      },
      "devDependencies": {
        "@microsoft/api-extractor": "7.48.0",
        "@vue/test-utils": "^2.4.6"
      },
      "funding": {
        "url": "https://github.com/sponsors/posva"
      },
      "peerDependencies": {
        "typescript": ">=4.4.4",
        "vue": "^2.7.0 || ^3.5.11"
      },
      "peerDependenciesMeta": {
        "typescript": {
          "optional": true
        }
      }
    },
    "../node_modules/.pnpm/rimraf@5.0.10/node_modules/rimraf": {
      "version": "5.0.10",
      "dev": true,
      "license": "ISC",
      "dependencies": {
        "glob": "^10.3.7"
      },
      "bin": {
        "rimraf": "dist/esm/bin.mjs"
      },
      "devDependencies": {
        "@types/node": "^20.12.11",
        "mkdirp": "^3.0.1",
        "prettier": "^3.2.5",
        "tap": "^19.0.1",
        "tshy": "^1.14.0",
        "typedoc": "^0.25.13",
        "typescript": "^5.4.5"
      },
      "funding": {
        "url": "https://github.com/sponsors/isaacs"
      }
    },
    "../node_modules/.pnpm/sass@1.87.0/node_modules/sass": {
      "version": "1.87.0",
      "dev": true,
      "license": "MIT",
      "dependencies": {
        "chokidar": "^4.0.0",
        "immutable": "^5.0.2",
        "source-map-js": ">=0.6.2 <2.0.0"
      },
      "bin": {
        "sass": "sass.js"
      },
      "engines": {
        "node": ">=14.0.0"
      },
      "optionalDependencies": {
        "@parcel/watcher": "^2.4.1"
      }
    },
    "../node_modules/.pnpm/vite@4.5.13_sass@1.87.0/node_modules/vite": {
      "version": "4.5.13",
      "dev": true,
      "license": "MIT",
      "dependencies": {
        "esbuild": "^0.18.10",
        "postcss": "^8.4.27",
        "rollup": "^3.27.1"
      },
      "bin": {
        "vite": "bin/vite.js"
      },
      "devDependencies": {
        "@ampproject/remapping": "^2.2.1",
        "@babel/parser": "^7.22.7",
        "@babel/types": "^7.22.5",
        "@jridgewell/trace-mapping": "^0.3.18",
        "@rollup/plugin-alias": "^4.0.4",
        "@rollup/plugin-commonjs": "^25.0.3",
        "@rollup/plugin-dynamic-import-vars": "^2.0.4",
        "@rollup/plugin-json": "^6.0.0",
        "@rollup/plugin-node-resolve": "15.1.0",
        "@rollup/plugin-typescript": "^11.1.2",
        "@rollup/pluginutils": "^5.0.2",
        "@types/escape-html": "^1.0.2",
        "@types/pnpapi": "^0.0.2",
        "acorn": "^8.10.0",
        "acorn-walk": "^8.2.0",
        "cac": "^6.7.14",
        "chokidar": "^3.5.3",
        "connect": "^3.7.0",
        "connect-history-api-fallback": "^2.0.0",
        "convert-source-map": "^2.0.0",
        "cors": "^2.8.5",
        "cross-spawn": "^7.0.3",
        "debug": "^4.3.4",
        "dep-types": "link:./src/types",
        "dotenv": "^16.3.1",
        "dotenv-expand": "^9.0.0",
        "es-module-lexer": "^1.3.0",
        "escape-html": "^1.0.3",
        "estree-walker": "^3.0.3",
        "etag": "^1.8.1",
        "fast-glob": "^3.3.1",
        "http-proxy": "^1.18.1",
        "json-stable-stringify": "^1.0.2",
        "launch-editor-middleware": "^2.6.0",
        "lightningcss": "^1.21.5",
        "magic-string": "^0.30.2",
        "micromatch": "^4.0.5",
        "mlly": "^1.4.0",
        "mrmime": "^1.0.1",
        "okie": "^1.0.1",
        "open": "^8.4.2",
        "parse5": "^7.1.2",
        "periscopic": "^3.1.0",
        "picocolors": "^1.0.0",
        "picomatch": "^2.3.1",
        "postcss-import": "^15.1.0",
        "postcss-load-config": "^4.0.1",
        "postcss-modules": "^6.0.0",
        "resolve.exports": "^2.0.2",
        "rollup-plugin-license": "^3.0.1",
        "sirv": "^2.0.3",
        "source-map-support": "^0.5.21",
        "strip-ansi": "^7.1.0",
        "strip-literal": "^1.3.0",
        "tsconfck": "^2.1.2",
        "tslib": "^2.6.1",
        "types": "link:./types",
        "ufo": "^1.2.0",
        "ws": "^8.13.0"
      },
      "engines": {
        "node": "^14.18.0 || >=16.0.0"
      },
      "funding": {
        "url": "https://github.com/vitejs/vite?sponsor=1"
      },
      "optionalDependencies": {
        "fsevents": "~2.3.2"
      },
      "peerDependencies": {
        "@types/node": ">= 14",
        "less": "*",
        "lightningcss": "^1.21.0",
        "sass": "*",
        "stylus": "*",
        "sugarss": "*",
        "terser": "^5.4.0"
      },
      "peerDependenciesMeta": {
        "@types/node": {
          "optional": true
        },
        "less": {
          "optional": true
        },
        "lightningcss": {
          "optional": true
        },
        "sass": {
          "optional": true
        },
        "stylus": {
          "optional": true
        },
        "sugarss": {
          "optional": true
        },
        "terser": {
          "optional": true
        }
      }
    },
    "../node_modules/.pnpm/vue-router@4.5.1_vue@3.5.13/node_modules/vue-router": {
      "version": "4.5.1",
      "license": "MIT",
      "dependencies": {
        "@vue/devtools-api": "^6.6.4"
      },
      "devDependencies": {
        "@microsoft/api-extractor": "^7.48.0",
        "@rollup/plugin-alias": "^5.1.1",
        "@rollup/plugin-commonjs": "^25.0.8",
        "@rollup/plugin-node-resolve": "^15.3.0",
        "@rollup/plugin-replace": "^5.0.7",
        "@rollup/plugin-terser": "^0.4.4",
        "@types/jsdom": "^21.1.7",
        "@types/nightwatch": "^2.3.32",
        "@vitejs/plugin-vue": "^5.2.0",
        "@vue/compiler-sfc": "~3.5.13",
        "@vue/server-renderer": "~3.5.13",
        "@vue/test-utils": "^2.4.6",
        "browserstack-local": "^1.5.5",
        "chromedriver": "^131.0.1",
        "connect-history-api-fallback": "^1.6.0",
        "conventional-changelog-cli": "^2.2.2",
        "dotenv": "^16.4.5",
        "faked-promise": "^2.2.2",
        "geckodriver": "^4.5.1",
        "happy-dom": "^15.11.6",
        "nightwatch": "^2.6.25",
        "nightwatch-helpers": "^1.2.0",
        "rimraf": "^6.0.1",
        "rollup": "^3.29.5",
        "rollup-plugin-analyzer": "^4.0.0",
        "rollup-plugin-typescript2": "^0.36.0",
        "vite": "^5.4.11",
        "vue": "~3.5.13"
      },
      "funding": {
        "url": "https://github.com/sponsors/posva"
      },
      "peerDependencies": {
        "vue": "^3.2.0"
      }
    },
    "../node_modules/.pnpm/vue@3.5.13/node_modules/vue": {
      "version": "3.5.13",
      "license": "MIT",
      "dependencies": {
        "@vue/compiler-dom": "3.5.13",
        "@vue/compiler-sfc": "3.5.13",
        "@vue/runtime-dom": "3.5.13",
        "@vue/server-renderer": "3.5.13",
        "@vue/shared": "3.5.13"
      },
      "peerDependencies": {
        "typescript": "*"
      },
      "peerDependenciesMeta": {
        "typescript": {
          "optional": true
        }
      }
    },
    "node_modules/@pkgr/core": {
      "version": "0.2.4",
      "resolved": "https://registry.npmmirror.com/@pkgr/core/-/core-0.2.4.tgz",
      "integrity": "sha512-ROFF39F6ZrnzSUEmQQZUar0Jt4xVoP9WnDRdWwF4NNcXs3xBTLgBUDoOwW141y1jP+S8nahIbdxbFC7IShw9Iw==",
      "dev": true,
      "license": "MIT",
      "engines": {
        "node": "^12.20.0 || ^14.18.0 || >=16.0.0"
      },
      "funding": {
        "url": "https://opencollective.com/pkgr"
      }
    },
    "node_modules/@vitejs/plugin-vue": {
      "resolved": "../node_modules/.pnpm/@vitejs+plugin-vue@4.6.2_vite@4.5.13_vue@3.5.13/node_modules/@vitejs/plugin-vue",
      "link": true
    },
    "node_modules/@vue/eslint-config-prettier": {
      "version": "8.0.0",
      "resolved": "https://registry.npmmirror.com/@vue/eslint-config-prettier/-/eslint-config-prettier-8.0.0.tgz",
      "integrity": "sha512-55dPqtC4PM/yBjhAr+yEw6+7KzzdkBuLmnhBrDfp4I48+wy+Giqqj9yUr5T2uD/BkBROjjmqnLZmXRdOx/VtQg==",
      "dev": true,
      "license": "MIT",
      "dependencies": {
        "eslint-config-prettier": "^8.8.0",
        "eslint-plugin-prettier": "^5.0.0"
      },
      "peerDependencies": {
        "eslint": ">= 8.0.0",
        "prettier": ">= 3.0.0"
      }
    },
    "node_modules/axios": {
      "resolved": "../node_modules/.pnpm/axios@1.9.0/node_modules/axios",
      "link": true
    },
    "node_modules/eslint": {
      "resolved": "../node_modules/.pnpm/eslint@8.57.1/node_modules/eslint",
      "link": true
    },
    "node_modules/eslint-config-prettier": {
      "version": "8.10.0",
      "resolved": "https://registry.npmmirror.com/eslint-config-prettier/-/eslint-config-prettier-8.10.0.tgz",
      "integrity": "sha512-SM8AMJdeQqRYT9O9zguiruQZaN7+z+E4eAP9oiLNGKMtomwaB1E9dcgUD6ZAn/eQAb52USbvezbiljfZUhbJcg==",
      "dev": true,
      "license": "MIT",
      "bin": {
        "eslint-config-prettier": "bin/cli.js"
      },
      "peerDependencies": {
        "eslint": ">=7.0.0"
      }
    },
    "node_modules/eslint-plugin-prettier": {
      "version": "5.2.6",
      "resolved": "https://registry.npmmirror.com/eslint-plugin-prettier/-/eslint-plugin-prettier-5.2.6.tgz",
      "integrity": "sha512-mUcf7QG2Tjk7H055Jk0lGBjbgDnfrvqjhXh9t2xLMSCjZVcw9Rb1V6sVNXO0th3jgeO7zllWPTNRil3JW94TnQ==",
      "dev": true,
      "license": "MIT",
      "dependencies": {
        "prettier-linter-helpers": "^1.0.0",
        "synckit": "^0.11.0"
      },
      "engines": {
        "node": "^14.18.0 || >=16.0.0"
      },
      "funding": {
        "url": "https://opencollective.com/eslint-plugin-prettier"
      },
      "peerDependencies": {
        "@types/eslint": ">=8.0.0",
        "eslint": ">=8.0.0",
        "eslint-config-prettier": ">= 7.0.0 <10.0.0 || >=10.1.0",
        "prettier": ">=3.0.0"
      },
      "peerDependenciesMeta": {
        "@types/eslint": {
          "optional": true
        },
        "eslint-config-prettier": {
          "optional": true
        }
      }
    },
    "node_modules/eslint-plugin-vue": {
      "resolved": "../node_modules/.pnpm/eslint-plugin-vue@9.33.0_eslint@8.57.1/node_modules/eslint-plugin-vue",
      "link": true
    },
    "node_modules/fast-diff": {
      "version": "1.3.0",
      "resolved": "https://registry.npmmirror.com/fast-diff/-/fast-diff-1.3.0.tgz",
      "integrity": "sha512-VxPP4NqbUjj6MaAOafWeUn2cXWLcCtljklUtZf0Ind4XQ+QPtmA0b18zZy0jIQx+ExRVCR/ZQpBmik5lXshNsw==",
      "dev": true,
      "license": "Apache-2.0"
    },
    "node_modules/pinia": {
      "resolved": "../node_modules/.pnpm/pinia@2.3.1_vue@3.5.13/node_modules/pinia",
      "link": true
    },
    "node_modules/prettier": {
      "version": "3.5.3",
      "resolved": "https://registry.npmmirror.com/prettier/-/prettier-3.5.3.tgz",
      "integrity": "sha512-QQtaxnoDJeAkDvDKWCLiwIXkTgRhwYDEQCghU9Z6q03iyek/rxRh/2lC3HB7P8sWT2xC/y5JDctPLBIGzHKbhw==",
      "dev": true,
      "license": "MIT",
      "bin": {
        "prettier": "bin/prettier.cjs"
      },
      "engines": {
        "node": ">=14"
      },
      "funding": {
        "url": "https://github.com/prettier/prettier?sponsor=1"
      }
    },
    "node_modules/prettier-linter-helpers": {
      "version": "1.0.0",
      "resolved": "https://registry.npmmirror.com/prettier-linter-helpers/-/prettier-linter-helpers-1.0.0.tgz",
      "integrity": "sha512-GbK2cP9nraSSUF9N2XwUwqfzlAFlMNYYl+ShE/V+H8a9uNl/oUqB1w2EL54Jh0OlyRSd8RfWYJ3coVS4TROP2w==",
      "dev": true,
      "license": "MIT",
      "dependencies": {
        "fast-diff": "^1.1.2"
      },
      "engines": {
        "node": ">=6.0.0"
      }
    },
    "node_modules/rimraf": {
      "resolved": "../node_modules/.pnpm/rimraf@5.0.10/node_modules/rimraf",
      "link": true
    },
    "node_modules/sass": {
      "resolved": "../node_modules/.pnpm/sass@1.87.0/node_modules/sass",
      "link": true
    },
    "node_modules/synckit": {
      "version": "0.11.4",
      "resolved": "https://registry.npmmirror.com/synckit/-/synckit-0.11.4.tgz",
      "integrity": "sha512-Q/XQKRaJiLiFIBNN+mndW7S/RHxvwzuZS6ZwmRzUBqJBv/5QIKCEwkBC8GBf8EQJKYnaFs0wOZbKTXBPj8L9oQ==",
      "dev": true,
      "license": "MIT",
      "dependencies": {
        "@pkgr/core": "^0.2.3",
        "tslib": "^2.8.1"
      },
      "engines": {
        "node": "^14.18.0 || >=16.0.0"
      },
      "funding": {
        "url": "https://opencollective.com/synckit"
      }
    },
    "node_modules/tslib": {
      "version": "2.8.1",
      "resolved": "https://registry.npmmirror.com/tslib/-/tslib-2.8.1.tgz",
      "integrity": "sha512-oJFu94HQb+KVduSUQL7wnpmqnfmLsOA/nAh6b6EH0wCEoK0/mPeXU6c3wKDV83MkOuHPRHtSXKKU99IBazS/2w==",
      "dev": true,
      "license": "0BSD"
    },
    "node_modules/vite": {
      "resolved": "../node_modules/.pnpm/vite@4.5.13_sass@1.87.0/node_modules/vite",
      "link": true
    },
    "node_modules/vue": {
      "resolved": "../node_modules/.pnpm/vue@3.5.13/node_modules/vue",
      "link": true
    },
    "node_modules/vue-router": {
      "resolved": "../node_modules/.pnpm/vue-router@4.5.1_vue@3.5.13/node_modules/vue-router",
      "link": true
    }
  }
}
